
Microsoft Visual Studio Solution File, Format Version 12.00
# Visual Studio Version 16
VisualStudioVersion = 16.0.31702.278
MinimumVisualStudioVersion = 10.0.40219.1
Project("{9A19103F-16F7-4668-BE54-9A1E7A4F7556}") = "TarkAlarms", "TarkAlarms\TarkAlarms.csproj", "{C72C4F5D-03E8-4F3E-82FC-78309D5944A2}"
EndProject
Global
	GlobalSection(SolutionConfigurationPlatforms) = preSolution
		Debug with resources|Any CPU = Debug with resources|Any CPU
		Debug|Any CPU = Debug|Any CPU
		Release|Any CPU = Release|Any CPU
	EndGlobalSection
	GlobalSection(ProjectConfigurationPlatforms) = postSolution
		{C72C4F5D-03E8-4F3E-82FC-78309D5944A2}.Debug with resources|Any CPU.ActiveCfg = Debug with resources|Any CPU
		{C72C4F5D-03E8-4F3E-82FC-78309D5944A2}.Debug with resources|Any CPU.Build.0 = Debug with resources|Any CPU
		{C72C4F5D-03E8-4F3E-82FC-78309D5944A2}.Debug|Any CPU.ActiveCfg = Debug|Any CPU
		{C72C4F5D-03E8-4F3E-82FC-78309D5944A2}.Debug|Any CPU.Build.0 = Debug|Any CPU
		{C72C4F5D-03E8-4F3E-82FC-78309D5944A2}.Release|Any CPU.ActiveCfg = Release|Any CPU
		{C72C4F5D-03E8-4F3E-82FC-78309D5944A2}.Release|Any CPU.Build.0 = Release|Any CPU
	EndGlobalSection
	GlobalSection(SolutionProperties) = preSolution
		HideSolutionNode = FALSE
	EndGlobalSection
	GlobalSection(ExtensibilityGlobals) = postSolution
		SolutionGuid = {4AF9F4F0-37FB-4CFB-BCC9-0559B1AE3632}
	EndGlobalSection
EndGlobal
